
Microsoft Visual Studio Solution File, Format Version 12.00
# Visual Studio Version 16
VisualStudioVersion = 16.0.33130.400
MinimumVisualStudioVersion = 10.0.40219.1
Project("{9A19103F-16F7-4668-BE54-9A1E7A4F7556}") = "LegacyKod_Snake", "LegacyKod_Snake.csproj", "{FFD6C153-0C09-4255-93CF-2FEC31E20EE9}"
EndProject
Project("{2150E333-8FDC-42A3-9474-1A3956D46DE8}") = "Solution Items", "Solution Items", "{4044A753-1CDA-44B8-B973-C1ED7727E265}"
	ProjectSection(SolutionItems) = preProject
		Pixel.cs = Pixel.cs
	EndProjectSection
EndProject
Global
	GlobalSection(SolutionConfigurationPlatforms) = preSolution
		Debug|Any CPU = Debug|Any CPU
		Release|Any CPU = Release|Any CPU
	EndGlobalSection
	GlobalSection(ProjectConfigurationPlatforms) = postSolution
		{FFD6C153-0C09-4255-93CF-2FEC31E20EE9}.Debug|Any CPU.ActiveCfg = Debug|Any CPU
		{FFD6C153-0C09-4255-93CF-2FEC31E20EE9}.Debug|Any CPU.Build.0 = Debug|Any CPU
		{FFD6C153-0C09-4255-93CF-2FEC31E20EE9}.Release|Any CPU.ActiveCfg = Release|Any CPU
		{FFD6C153-0C09-4255-93CF-2FEC31E20EE9}.Release|Any CPU.Build.0 = Release|Any CPU
	EndGlobalSection
	GlobalSection(SolutionProperties) = preSolution
		HideSolutionNode = FALSE
	EndGlobalSection
	GlobalSection(ExtensibilityGlobals) = postSolution
		SolutionGuid = {F96F5DFB-5DD4-43D4-8FFF-922EFBD8A9A6}
	EndGlobalSection
EndGlobal
